PODS:
  - Colours (5.4.0)
  - CRToast (0.0.7)
  - FontAwesomeKit (2.1.7):
    - FontAwesomeKit/Core
    - FontAwesomeKit/FontAwesome
    - FontAwesomeKit/FoundationIcons
    - FontAwesomeKit/IonIcons
    - FontAwesomeKit/Zocial
  - FontAwesomeKit/Core (2.1.7)
  - FontAwesomeKit/FontAwesome (2.1.7):
    - FontAwesomeKit/Core
  - FontAwesomeKit/FoundationIcons (2.1.7):
    - FontAwesomeKit/Core
  - FontAwesomeKit/IonIcons (2.1.7):
    - FontAwesomeKit/Core
  - FontAwesomeKit/Zocial (2.1.7):
    - FontAwesomeKit/Core
  - ImageTaker (0.1.5):
    - Colours
  - LiveFrost (1.1.2)
  - pop (1.0.6)
  - SBJson (4.0.1)
  - VBFPopFlatButton (0.0.2):
    - pop

DEPENDENCIES:
  - Colours (from `https://github.com/forsythetony/Colours.git`)
  - CRToast (~> 0.0.7)
  - FontAwesomeKit (~> 2.1.0)
  - ImageTaker (from `https://github.com/forsythetony/ImageTaker.git`)
  - LiveFrost
  - pop (~> 1.0)
  - SBJson (~> 4.0.0)
  - VBFPopFlatButton

EXTERNAL SOURCES:
  Colours:
    :git: https://github.com/forsythetony/Colours.git
  ImageTaker:
    :git: https://github.com/forsythetony/ImageTaker.git

SPEC CHECKSUMS:
  Colours: 0c3497cef9e3aafd07e338fb62885b1bcf57ac50
  CRToast: f9f2c4b29776d68ba24c4d621cba59a83fea921b
  FontAwesomeKit: af6eef70d23986349284d2feb4e959459621587d
  ImageTaker: 05ff371f181676fe753c8acca3c3e7c622077c8a
  LiveFrost: 8c7e447e6833902ddc2a639faa27e71e091b5062
  pop: e518794da38942c05255eb64b36d894e70cb4f00
  SBJson: d71212c078abf4679d54b0d0565260c474e46235
  VBFPopFlatButton: cfcf19a4ca46ca2b3e3ca377aa326040559a72f2

COCOAPODS: 0.33.1
